<?xml version="1.0" encoding="utf-8"?>
<Project ToolsVersion="4.0" xmlns="http://schemas.microsoft.com/developer/msbuild/2003">
  <ItemGroup>
    <Filter Include="Aspen">
      <UniqueIdentifier>{5C32D80C-C846-00BE-91C8-A31DFD9BFCEE}</UniqueIdentifier>
    </Filter>
  </ItemGroup>
  <ItemGroup>
    <ClInclude Include="src\Aspen.h" />
    <ClInclude Include="src\Aspen\Application.h">
      <Filter>Aspen</Filter>
    </ClInclude>
    <ClInclude Include="src\Aspen\Core.h">
      <Filter>Aspen</Filter>
    </ClInclude>
    <ClInclude Include="src\Aspen\EntryPoint.h">
      <Filter>Aspen</Filter>
    </ClInclude>
    <ClInclude Include="src\Aspen\Log.h">
      <Filter>Aspen</Filter>
    </ClInclude>
  </ItemGroup>
  <ItemGroup>
    <ClCompile Include="src\Aspen\Application.cpp">
      <Filter>Aspen</Filter>
    </ClCompile>
    <ClCompile Include="src\Aspen\Log.cpp">
      <Filter>Aspen</Filter>
    </ClCompile>
  </ItemGroup>
</Project>